{
  "name": "medical-referrals",
  "lockfileVersion": 3,
  "requires": true,
  "packages": {
    "": {
      "dependencies": {
        "date-fns": "^2.30.0",
        "stylis-plugin-rtl": "^2.1.1"
      }
    },
    "node_modules/@babel/runtime": {
      "version": "7.26.9",
      "resolved": "https://registry.npmjs.org/@babel/runtime/-/runtime-7.26.9.tgz",
      "integrity": "sha512-aA63XwOkcl4xxQa3HjPMqOP6LiK0ZDv3mUPYEFXkpHbaFjtGggE1A61FjFzJnB+p7/oy2gA8E+rcBNl/zC1tMg==",
      "license": "MIT",
      "dependencies": {
        "regenerator-runtime": "^0.14.0"
      },
      "engines": {
        "node": ">=6.9.0"
      }
    },
    "node_modules/cssjanus": {
      "version": "2.3.0",
      "resolved": "https://registry.npmjs.org/cssjanus/-/cssjanus-2.3.0.tgz",
      "integrity": "sha512-ZZXXn51SnxRxAZ6fdY7mBDPmA4OZd83q/J9Gdqz3YmE9TUq+9tZl+tdOnCi7PpNygI6PEkehj9rgifv5+W8a5A==",
      "license": "Apache-2.0",
      "engines": {
        "node": ">=10.0.0"
      }
    },
    "node_modules/date-fns": {
      "version": "2.30.0",
      "resolved": "https://registry.npmjs.org/date-fns/-/date-fns-2.30.0.tgz",
      "integrity": "sha512-fnULvOpxnC5/Vg3NCiWelDsLiUc9bRwAPs/+LfTLNvetFCtCTN+yQz15C/fs4AwX1R9K5GLtLfn8QW+dWisaAw==",
      "license": "MIT",
      "dependencies": {
        "@babel/runtime": "^7.21.0"
      },
      "engines": {
        "node": ">=0.11"
      },
      "funding": {
        "type": "opencollective",
        "url": "https://opencollective.com/date-fns"
      }
    },
    "node_modules/regenerator-runtime": {
      "version": "0.14.1",
      "resolved": "https://registry.npmjs.org/regenerator-runtime/-/regenerator-runtime-0.14.1.tgz",
      "integrity": "sha512-dYnhHh0nJoMfnkZs6GmmhFknAGRrLznOu5nc9ML+EJxGvrx6H7teuevqVqCuPcPK//3eDrrjQhehXVx9cnkGdw==",
      "license": "MIT"
    },
    "node_modules/stylis": {
      "version": "4.3.6",
      "resolved": "https://registry.npmjs.org/stylis/-/stylis-4.3.6.tgz",
      "integrity": "sha512-yQ3rwFWRfwNUY7H5vpU0wfdkNSnvnJinhF9830Swlaxl03zsOjCfmX0ugac+3LtK0lYSgwL/KXc8oYL3mG4YFQ==",
      "license": "MIT",
      "peer": true
    },
    "node_modules/stylis-plugin-rtl": {
      "version": "2.1.1",
      "resolved": "https://registry.npmjs.org/stylis-plugin-rtl/-/stylis-plugin-rtl-2.1.1.tgz",
      "integrity": "sha512-q6xIkri6fBufIO/sV55md2CbgS5c6gg9EhSVATtHHCdOnbN/jcI0u3lYhNVeuI65c4lQPo67g8xmq5jrREvzlg==",
      "license": "MIT",
      "dependencies": {
        "cssjanus": "^2.0.1"
      },
      "peerDependencies": {
        "stylis": "4.x"
      }
    }
  }
}
